// !$*UTF8*$!
{
	archiveVersion = 1;
	classes = {
	};
	objectVersion = 56;
	objects = {

/* Begin PBXBuildFile section */
		2A0510C42DDC27FE00D27CA8 /* Subway_APPApp.swift in Sources */ = {isa = PBXBuildFile; fileRef = 2A0510C32DDC27FE00D27CA8 /* Subway_APPApp.swift */; };
		2A0510C62DDC27FE00D27CA8 /* ContentView.swift in Sources */ = {isa = PBXBuildFile; fileRef = 2A0510C52DDC27FE00D27CA8 /* ContentView.swift */; };
		2A0510C82DDC280000D27CA8 /* Assets.xcassets in Resources */ = {isa = PBXBuildFile; fileRef = 2A0510C72DDC280000D27CA8 /* Assets.xcassets */; };
		2A0510CB2DDC280000D27CA8 /* Preview Assets.xcassets in Resources */ = {isa = PBXBuildFile; fileRef = 2A0510CA2DDC280000D27CA8 /* Preview Assets.xcassets */; };
		2A0510D22DDC2A6500D27CA8 /* MainLineMapView.swift in Sources */ = {isa = PBXBuildFile; fileRef = 2A0510D12DDC2A6500D27CA8 /* MainLineMapView.swift */; };
		2A0E59DD2DF002C400B3FEE4 /* SubwayStation.swift in Sources */ = {isa = PBXBuildFile; fileRef = 2A0E59DC2DF002C400B3FEE4 /* SubwayStation.swift */; };
		2A0E59DF2DF002DE00B3FEE4 /* StationLoader.swift in Sources */ = {isa = PBXBuildFile; fileRef = 2A0E59DE2DF002DE00B3FEE4 /* StationLoader.swift */; };
		2A0E59E12DF0030000B3FEE4 /* SearchStationView.swift in Sources */ = {isa = PBXBuildFile; fileRef = 2A0E59E02DF0030000B3FEE4 /* SearchStationView.swift */; };
		2A0E59E72DF004F300B3FEE4 /* StationDetailView.swift in Sources */ = {isa = PBXBuildFile; fileRef = 2A0E59E62DF004F300B3FEE4 /* StationDetailView.swift */; };
		2A0E59EF2DF023FA00B3FEE4 /* stations.json in Resources */ = {isa = PBXBuildFile; fileRef = 2A0E59EE2DF023FA00B3FEE4 /* stations.json */; };
		2A0E59F12DF02ADD00B3FEE4 /* ArrivalViewModel.swift in Sources */ = {isa = PBXBuildFile; fileRef = 2A0E59F02DF02ADD00B3FEE4 /* ArrivalViewModel.swift */; };
		2A0E59F32DF02AFF00B3FEE4 /* ArrivalInfo.swift in Sources */ = {isa = PBXBuildFile; fileRef = 2A0E59F22DF02AFF00B3FEE4 /* ArrivalInfo.swift */; };
		2A24BA5C2DE558800093F992 /* Notice.swift in Sources */ = {isa = PBXBuildFile; fileRef = 2A24BA5B2DE558800093F992 /* Notice.swift */; };
		2A24BA5E2DE55C950093F992 /* NoticeBoardViewModel.swift in Sources */ = {isa = PBXBuildFile; fileRef = 2A24BA5D2DE55C950093F992 /* NoticeBoardViewModel.swift */; };
		2A24BA612DE5682E0093F992 /* FirebaseFirestore in Frameworks */ = {isa = PBXBuildFile; productRef = 2A24BA602DE5682E0093F992 /* FirebaseFirestore */; };
		2A24BA632DE5682E0093F992 /* FirebaseFirestoreSwift in Frameworks */ = {isa = PBXBuildFile; productRef = 2A24BA622DE5682E0093F992 /* FirebaseFirestoreSwift */; };
		2A24BA672DE56C3D0093F992 /* GoogleService-Info.plist in Resources */ = {isa = PBXBuildFile; fileRef = 2A24BA662DE56C3D0093F992 /* GoogleService-Info.plist */; };
		2A4044192DDD934B00AA6027 /* SubwayArrival.swift in Sources */ = {isa = PBXBuildFile; fileRef = 2A4044182DDD934B00AA6027 /* SubwayArrival.swift */; };
		2A40441C2DDDA53E00AA6027 /* PresetManager.swift in Sources */ = {isa = PBXBuildFile; fileRef = 2A40441B2DDDA53E00AA6027 /* PresetManager.swift */; };
		2A8D80CD2DDC2AA500A05B4A /* RealtimeScheduleView.swift in Sources */ = {isa = PBXBuildFile; fileRef = 2A8D80CC2DDC2AA500A05B4A /* RealtimeScheduleView.swift */; };
		2A8D80CF2DDC2ABB00A05B4A /* PresetStationView.swift in Sources */ = {isa = PBXBuildFile; fileRef = 2A8D80CE2DDC2ABB00A05B4A /* PresetStationView.swift */; };
		2A8D80D12DDC2ACE00A05B4A /* NoticeBoardView.swift in Sources */ = {isa = PBXBuildFile; fileRef = 2A8D80D02DDC2ACE00A05B4A /* NoticeBoardView.swift */; };
		2A8D80D32DDC396500A05B4A /* line_map.png in Resources */ = {isa = PBXBuildFile; fileRef = 2A8D80D22DDC396500A05B4A /* line_map.png */; };
		2AB720202DF183670073FC07 /* FavoriteManager.swift in Sources */ = {isa = PBXBuildFile; fileRef = 2AB7201F2DF183670073FC07 /* FavoriteManager.swift */; };
/* End PBXBuildFile section */

/* Begin PBXFileReference section */
		2A0510C02DDC27FE00D27CA8 /* Subway APP.app */ = {isa = PBXFileReference; explicitFileType = wrapper.application; includeInIndex = 0; path = "Subway APP.app"; sourceTree = BUILT_PRODUCTS_DIR; };
		2A0510C32DDC27FE00D27CA8 /* Subway_APPApp.swift */ = {isa = PBXFileReference; lastKnownFileType = sourcecode.swift; path = Subway_APPApp.swift; sourceTree = "<group>"; };
		2A0510C52DDC27FE00D27CA8 /* ContentView.swift */ = {isa = PBXFileReference; lastKnownFileType = sourcecode.swift; path = ContentView.swift; sourceTree = "<group>"; };
		2A0510C72DDC280000D27CA8 /* Assets.xcassets */ = {isa = PBXFileReference; lastKnownFileType = folder.assetcatalog; path = Assets.xcassets; sourceTree = "<group>"; };
		2A0510CA2DDC280000D27CA8 /* Preview Assets.xcassets */ = {isa = PBXFileReference; lastKnownFileType = folder.assetcatalog; path = "Preview Assets.xcassets"; sourceTree = "<group>"; };
		2A0510D12DDC2A6500D27CA8 /* MainLineMapView.swift */ = {isa = PBXFileReference; lastKnownFileType = sourcecode.swift; path = MainLineMapView.swift; sourceTree = "<group>"; };
		2A0E59DC2DF002C400B3FEE4 /* SubwayStation.swift */ = {isa = PBXFileReference; lastKnownFileType = sourcecode.swift; path = SubwayStation.swift; sourceTree = "<group>"; };
		2A0E59DE2DF002DE00B3FEE4 /* StationLoader.swift */ = {isa = PBXFileReference; lastKnownFileType = sourcecode.swift; path = StationLoader.swift; sourceTree = "<group>"; };
		2A0E59E02DF0030000B3FEE4 /* SearchStationView.swift */ = {isa = PBXFileReference; lastKnownFileType = sourcecode.swift; path = SearchStationView.swift; sourceTree = "<group>"; };
		2A0E59E62DF004F300B3FEE4 /* StationDetailView.swift */ = {isa = PBXFileReference; lastKnownFileType = sourcecode.swift; path = StationDetailView.swift; sourceTree = "<group>"; };
		2A0E59EE2DF023FA00B3FEE4 /* stations.json */ = {isa = PBXFileReference; fileEncoding = 4; lastKnownFileType = text.json; path = stations.json; sourceTree = "<group>"; };
		2A0E59F02DF02ADD00B3FEE4 /* ArrivalViewModel.swift */ = {isa = PBXFileReference; lastKnownFileType = sourcecode.swift; path = ArrivalViewModel.swift; sourceTree = "<group>"; };
		2A0E59F22DF02AFF00B3FEE4 /* ArrivalInfo.swift */ = {isa = PBXFileReference; lastKnownFileType = sourcecode.swift; path = ArrivalInfo.swift; sourceTree = "<group>"; };
		2A24BA5B2DE558800093F992 /* Notice.swift */ = {isa = PBXFileReference; lastKnownFileType = sourcecode.swift; path = Notice.swift; sourceTree = "<group>"; };
		2A24BA5D2DE55C950093F992 /* NoticeBoardViewModel.swift */ = {isa = PBXFileReference; lastKnownFileType = sourcecode.swift; path = NoticeBoardViewModel.swift; sourceTree = "<group>"; };
		2A24BA662DE56C3D0093F992 /* GoogleService-Info.plist */ = {isa = PBXFileReference; fileEncoding = 4; lastKnownFileType = text.plist.xml; path = "GoogleService-Info.plist"; sourceTree = "<group>"; };
		2A4044182DDD934B00AA6027 /* SubwayArrival.swift */ = {isa = PBXFileReference; lastKnownFileType = sourcecode.swift; path = SubwayArrival.swift; sourceTree = "<group>"; };
		2A40441A2DDD985D00AA6027 /* Subway-APP-Info.plist */ = {isa = PBXFileReference; lastKnownFileType = text.plist; path = "Subway-APP-Info.plist"; sourceTree = SOURCE_ROOT; };
		2A40441B2DDDA53E00AA6027 /* PresetManager.swift */ = {isa = PBXFileReference; lastKnownFileType = sourcecode.swift; path = PresetManager.swift; sourceTree = "<group>"; };
		2A8D80CC2DDC2AA500A05B4A /* RealtimeScheduleView.swift */ = {isa = PBXFileReference; lastKnownFileType = sourcecode.swift; path = RealtimeScheduleView.swift; sourceTree = "<group>"; };
		2A8D80CE2DDC2ABB00A05B4A /* PresetStationView.swift */ = {isa = PBXFileReference; lastKnownFileType = sourcecode.swift; path = PresetStationView.swift; sourceTree = "<group>"; };
		2A8D80D02DDC2ACE00A05B4A /* NoticeBoardView.swift */ = {isa = PBXFileReference; lastKnownFileType = sourcecode.swift; path = NoticeBoardView.swift; sourceTree = "<group>"; };
		2A8D80D22DDC396500A05B4A /* line_map.png */ = {isa = PBXFileReference; lastKnownFileType = image.png; path = line_map.png; sourceTree = "<group>"; };
		2AB7201F2DF183670073FC07 /* FavoriteManager.swift */ = {isa = PBXFileReference; lastKnownFileType = sourcecode.swift; path = FavoriteManager.swift; sourceTree = "<group>"; };
/* End PBXFileReference section */

/* Begin PBXFrameworksBuildPhase section */
		2A0510BD2DDC27FE00D27CA8 /* Frameworks */ = {
			isa = PBXFrameworksBuildPhase;
			buildActionMask = 2147483647;
			files = (
				2A24BA612DE5682E0093F992 /* FirebaseFirestore in Frameworks */,
				2A24BA632DE5682E0093F992 /* FirebaseFirestoreSwift in Frameworks */,
			);
			runOnlyForDeploymentPostprocessing = 0;
		};
/* End PBXFrameworksBuildPhase section */

/* Begin PBXGroup section */
		2A0510B72DDC27FE00D27CA8 = {
			isa = PBXGroup;
			children = (
				2A0510C22DDC27FE00D27CA8 /* Subway APP */,
				2A0510C12DDC27FE00D27CA8 /* Products */,
			);
			sourceTree = "<group>";
		};
		2A0510C12DDC27FE00D27CA8 /* Products */ = {
			isa = PBXGroup;
			children = (
				2A0510C02DDC27FE00D27CA8 /* Subway APP.app */,
			);
			name = Products;
			sourceTree = "<group>";
		};
		2A0510C22DDC27FE00D27CA8 /* Subway APP */ = {
			isa = PBXGroup;
			children = (
				2A0E59EE2DF023FA00B3FEE4 /* stations.json */,
				2A40441A2DDD985D00AA6027 /* Subway-APP-Info.plist */,
				2A24BA662DE56C3D0093F992 /* GoogleService-Info.plist */,
				2A0510C32DDC27FE00D27CA8 /* Subway_APPApp.swift */,
				2A0510C52DDC27FE00D27CA8 /* ContentView.swift */,
				2A40441B2DDDA53E00AA6027 /* PresetManager.swift */,
				2A0510D12DDC2A6500D27CA8 /* MainLineMapView.swift */,
				2A8D80CC2DDC2AA500A05B4A /* RealtimeScheduleView.swift */,
				2A4044182DDD934B00AA6027 /* SubwayArrival.swift */,
				2A24BA5B2DE558800093F992 /* Notice.swift */,
				2A24BA5D2DE55C950093F992 /* NoticeBoardViewModel.swift */,
				2A8D80D02DDC2ACE00A05B4A /* NoticeBoardView.swift */,
				2A0510C72DDC280000D27CA8 /* Assets.xcassets */,
				2A8D80D22DDC396500A05B4A /* line_map.png */,
				2A0510C92DDC280000D27CA8 /* Preview Content */,
				2A0E59DC2DF002C400B3FEE4 /* SubwayStation.swift */,
				2A0E59DE2DF002DE00B3FEE4 /* StationLoader.swift */,
				2A0E59E02DF0030000B3FEE4 /* SearchStationView.swift */,
				2A0E59E62DF004F300B3FEE4 /* StationDetailView.swift */,
				2A0E59F02DF02ADD00B3FEE4 /* ArrivalViewModel.swift */,
				2A0E59F22DF02AFF00B3FEE4 /* ArrivalInfo.swift */,
				2AB7201F2DF183670073FC07 /* FavoriteManager.swift */,
				2A8D80CE2DDC2ABB00A05B4A /* PresetStationView.swift */,
			);
			path = "Subway APP";
			sourceTree = "<group>";
		};
		2A0510C92DDC280000D27CA8 /* Preview Content */ = {
			isa = PBXGroup;
			children = (
				2A0510CA2DDC280000D27CA8 /* Preview Assets.xcassets */,
			);
			path = "Preview Content";
			sourceTree = "<group>";
		};
/* End PBXGroup section */

/* Begin PBXNativeTarget section */
		2A0510BF2DDC27FE00D27CA8 /* Subway APP */ = {
			isa = PBXNativeTarget;
			buildConfigurationList = 2A0510CE2DDC280000D27CA8 /* Build configuration list for PBXNativeTarget "Subway APP" */;
			buildPhases = (
				2A0510BC2DDC27FE00D27CA8 /* Sources */,
				2A0510BD2DDC27FE00D27CA8 /* Frameworks */,
				2A0510BE2DDC27FE00D27CA8 /* Resources */,
			);
			buildRules = (
			);
			dependencies = (
			);
			name = "Subway APP";
			packageProductDependencies = (
				2A24BA602DE5682E0093F992 /* FirebaseFirestore */,
				2A24BA622DE5682E0093F992 /* FirebaseFirestoreSwift */,
			);
			productName = "Subway APP";
			productReference = 2A0510C02DDC27FE00D27CA8 /* Subway APP.app */;
			productType = "com.apple.product-type.application";
		};
/* End PBXNativeTarget section */

/* Begin PBXProject section */
		2A0510B82DDC27FE00D27CA8 /* Project object */ = {
			isa = PBXProject;
			attributes = {
				BuildIndependentTargetsInParallel = 1;
				LastSwiftUpdateCheck = 1420;
				LastUpgradeCheck = 1420;
				TargetAttributes = {
					2A0510BF2DDC27FE00D27CA8 = {
						CreatedOnToolsVersion = 14.2;
					};
				};
			};
			buildConfigurationList = 2A0510BB2DDC27FE00D27CA8 /* Build configuration list for PBXProject "Subway APP" */;
			compatibilityVersion = "Xcode 14.0";
			developmentRegion = en;
			hasScannedForEncodings = 0;
			knownRegions = (
				en,
				Base,
			);
			mainGroup = 2A0510B72DDC27FE00D27CA8;
			packageReferences = (
				2A24BA5F2DE5682E0093F992 /* XCRemoteSwiftPackageReference "firebase-ios-sdk" */,
			);
			productRefGroup = 2A0510C12DDC27FE00D27CA8 /* Products */;
			projectDirPath = "";
			projectRoot = "";
			targets = (
				2A0510BF2DDC27FE00D27CA8 /* Subway APP */,
			);
		};
/* End PBXProject section */

/* Begin PBXResourcesBuildPhase section */
		2A0510BE2DDC27FE00D27CA8 /* Resources */ = {
			isa = PBXResourcesBuildPhase;
			buildActionMask = 2147483647;
			files = (
				2A0510CB2DDC280000D27CA8 /* Preview Assets.xcassets in Resources */,
				2A24BA672DE56C3D0093F992 /* GoogleService-Info.plist in Resources */,
				2A8D80D32DDC396500A05B4A /* line_map.png in Resources */,
				2A0510C82DDC280000D27CA8 /* Assets.xcassets in Resources */,
				2A0E59EF2DF023FA00B3FEE4 /* stations.json in Resources */,
			);
			runOnlyForDeploymentPostprocessing = 0;
		};
/* End PBXResourcesBuildPhase section */

/* Begin PBXSourcesBuildPhase section */
		2A0510BC2DDC27FE00D27CA8 /* Sources */ = {
			isa = PBXSourcesBuildPhase;
			buildActionMask = 2147483647;
			files = (
				2A0E59F12DF02ADD00B3FEE4 /* ArrivalViewModel.swift in Sources */,
				2A8D80CD2DDC2AA500A05B4A /* RealtimeScheduleView.swift in Sources */,
				2A0E59E12DF0030000B3FEE4 /* SearchStationView.swift in Sources */,
				2A0510C62DDC27FE00D27CA8 /* ContentView.swift in Sources */,
				2A0510C42DDC27FE00D27CA8 /* Subway_APPApp.swift in Sources */,
				2A24BA5E2DE55C950093F992 /* NoticeBoardViewModel.swift in Sources */,
				2AB720202DF183670073FC07 /* FavoriteManager.swift in Sources */,
				2A24BA5C2DE558800093F992 /* Notice.swift in Sources */,
				2A0E59E72DF004F300B3FEE4 /* StationDetailView.swift in Sources */,
				2A8D80D12DDC2ACE00A05B4A /* NoticeBoardView.swift in Sources */,
				2A0E59F32DF02AFF00B3FEE4 /* ArrivalInfo.swift in Sources */,
				2A0E59DD2DF002C400B3FEE4 /* SubwayStation.swift in Sources */,
				2A40441C2DDDA53E00AA6027 /* PresetManager.swift in Sources */,
				2A8D80CF2DDC2ABB00A05B4A /* PresetStationView.swift in Sources */,
				2A0510D22DDC2A6500D27CA8 /* MainLineMapView.swift in Sources */,
				2A4044192DDD934B00AA6027 /* SubwayArrival.swift in Sources */,
				2A0E59DF2DF002DE00B3FEE4 /* StationLoader.swift in Sources */,
			);
			runOnlyForDeploymentPostprocessing = 0;
		};
/* End PBXSourcesBuildPhase section */

/* Begin XCBuildConfiguration section */
		2A0510CC2DDC280000D27CA8 /* Debug */ = {
			isa = XCBuildConfiguration;
			buildSettings = {
				ALWAYS_SEARCH_USER_PATHS = NO;
				CLANG_ANALYZER_NONNULL = YES;
				CLANG_ANALYZER_NUMBER_OBJECT_CONVERSION = YES_AGGRESSIVE;
				CLANG_CXX_LANGUAGE_STANDARD = "gnu++20";
				CLANG_ENABLE_MODULES = YES;
				CLANG_ENABLE_OBJC_ARC = YES;
				CLANG_ENABLE_OBJC_WEAK = YES;
				CLANG_WARN_BLOCK_CAPTURE_AUTORELEASING = YES;
				CLANG_WARN_BOOL_CONVERSION = YES;
				CLANG_WARN_COMMA = YES;
				CLANG_WARN_CONSTANT_CONVERSION = YES;
				CLANG_WARN_DEPRECATED_OBJC_IMPLEMENTATIONS = YES;
				CLANG_WARN_DIRECT_OBJC_ISA_USAGE = YES_ERROR;
				CLANG_WARN_DOCUMENTATION_COMMENTS = YES;
				CLANG_WARN_EMPTY_BODY = YES;
				CLANG_WARN_ENUM_CONVERSION = YES;
				CLANG_WARN_INFINITE_RECURSION = YES;
				CLANG_WARN_INT_CONVERSION = YES;
				CLANG_WARN_NON_LITERAL_NULL_CONVERSION = YES;
				CLANG_WARN_OBJC_IMPLICIT_RETAIN_SELF = YES;
				CLANG_WARN_OBJC_LITERAL_CONVERSION = YES;
				CLANG_WARN_OBJC_ROOT_CLASS = YES_ERROR;
				CLANG_WARN_QUOTED_INCLUDE_IN_FRAMEWORK_HEADER = YES;
				CLANG_WARN_RANGE_LOOP_ANALYSIS = YES;
				CLANG_WARN_STRICT_PROTOTYPES = YES;
				CLANG_WARN_SUSPICIOUS_MOVE = YES;
				CLANG_WARN_UNGUARDED_AVAILABILITY = YES_AGGRESSIVE;
				CLANG_WARN_UNREACHABLE_CODE = YES;
				CLANG_WARN__DUPLICATE_METHOD_MATCH = YES;
				COPY_PHASE_STRIP = NO;
				DEBUG_INFORMATION_FORMAT = dwarf;
				ENABLE_STRICT_OBJC_MSGSEND = YES;
				ENABLE_TESTABILITY = YES;
				GCC_C_LANGUAGE_STANDARD = gnu11;
				GCC_DYNAMIC_NO_PIC = NO;
				GCC_NO_COMMON_BLOCKS = YES;
				GCC_OPTIMIZATION_LEVEL = 0;
				GCC_PREPROCESSOR_DEFINITIONS = (
					"DEBUG=1",
					"$(inherited)",
				);
				GCC_WARN_64_TO_32_BIT_CONVERSION = YES;
				GCC_WARN_ABOUT_RETURN_TYPE = YES_ERROR;
				GCC_WARN_UNDECLARED_SELECTOR = YES;
				GCC_WARN_UNINITIALIZED_AUTOS = YES_AGGRESSIVE;
				GCC_WARN_UNUSED_FUNCTION = YES;
				GCC_WARN_UNUSED_VARIABLE = YES;
				IPHONEOS_DEPLOYMENT_TARGET = 16.2;
				MTL_ENABLE_DEBUG_INFO = INCLUDE_SOURCE;
				MTL_FAST_MATH = YES;
				ONLY_ACTIVE_ARCH = YES;
				SDKROOT = iphoneos;
				SWIFT_ACTIVE_COMPILATION_CONDITIONS = DEBUG;
				SWIFT_OPTIMIZATION_LEVEL = "-Onone";
			};
			name = Debug;
		};
		2A0510CD2DDC280000D27CA8 /* Release */ = {
			isa = XCBuildConfiguration;
			buildSettings = {
				ALWAYS_SEARCH_USER_PATHS = NO;
				CLANG_ANALYZER_NONNULL = YES;
				CLANG_ANALYZER_NUMBER_OBJECT_CONVERSION = YES_AGGRESSIVE;
				CLANG_CXX_LANGUAGE_STANDARD = "gnu++20";
				CLANG_ENABLE_MODULES = YES;
				CLANG_ENABLE_OBJC_ARC = YES;
				CLANG_ENABLE_OBJC_WEAK = YES;
				CLANG_WARN_BLOCK_CAPTURE_AUTORELEASING = YES;
				CLANG_WARN_BOOL_CONVERSION = YES;
				CLANG_WARN_COMMA = YES;
				CLANG_WARN_CONSTANT_CONVERSION = YES;
				CLANG_WARN_DEPRECATED_OBJC_IMPLEMENTATIONS = YES;
				CLANG_WARN_DIRECT_OBJC_ISA_USAGE = YES_ERROR;
				CLANG_WARN_DOCUMENTATION_COMMENTS = YES;
				CLANG_WARN_EMPTY_BODY = YES;
				CLANG_WARN_ENUM_CONVERSION = YES;
				CLANG_WARN_INFINITE_RECURSION = YES;
				CLANG_WARN_INT_CONVERSION = YES;
				CLANG_WARN_NON_LITERAL_NULL_CONVERSION = YES;
				CLANG_WARN_OBJC_IMPLICIT_RETAIN_SELF = YES;
				CLANG_WARN_OBJC_LITERAL_CONVERSION = YES;
				CLANG_WARN_OBJC_ROOT_CLASS = YES_ERROR;
				CLANG_WARN_QUOTED_INCLUDE_IN_FRAMEWORK_HEADER = YES;
				CLANG_WARN_RANGE_LOOP_ANALYSIS = YES;
				CLANG_WARN_STRICT_PROTOTYPES = YES;
				CLANG_WARN_SUSPICIOUS_MOVE = YES;
				CLANG_WARN_UNGUARDED_AVAILABILITY = YES_AGGRESSIVE;
				CLANG_WARN_UNREACHABLE_CODE = YES;
				CLANG_WARN__DUPLICATE_METHOD_MATCH = YES;
				COPY_PHASE_STRIP = NO;
				DEBUG_INFORMATION_FORMAT = "dwarf-with-dsym";
				ENABLE_NS_ASSERTIONS = NO;
				ENABLE_STRICT_OBJC_MSGSEND = YES;
				GCC_C_LANGUAGE_STANDARD = gnu11;
				GCC_NO_COMMON_BLOCKS = YES;
				GCC_WARN_64_TO_32_BIT_CONVERSION = YES;
				GCC_WARN_ABOUT_RETURN_TYPE = YES_ERROR;
				GCC_WARN_UNDECLARED_SELECTOR = YES;
				GCC_WARN_UNINITIALIZED_AUTOS = YES_AGGRESSIVE;
				GCC_WARN_UNUSED_FUNCTION = YES;
				GCC_WARN_UNUSED_VARIABLE = YES;
				IPHONEOS_DEPLOYMENT_TARGET = 16.2;
				MTL_ENABLE_DEBUG_INFO = NO;
				MTL_FAST_MATH = YES;
				SDKROOT = iphoneos;
				SWIFT_COMPILATION_MODE = wholemodule;
				SWIFT_OPTIMIZATION_LEVEL = "-O";
				VALIDATE_PRODUCT = YES;
			};
			name = Release;
		};
		2A0510CF2DDC280000D27CA8 /* Debug */ = {
			isa = XCBuildConfiguration;
			buildSettings = {
				ASSETCATALOG_COMPILER_APPICON_NAME = AppIcon;
				ASSETCATALOG_COMPILER_GLOBAL_ACCENT_COLOR_NAME = AccentColor;
				CODE_SIGN_STYLE = Automatic;
				CURRENT_PROJECT_VERSION = 1;
				DEVELOPMENT_ASSET_PATHS = "\"Subway APP/Preview Content\"";
				ENABLE_PREVIEWS = YES;
				GENERATE_INFOPLIST_FILE = YES;
				INFOPLIST_FILE = "Subway-APP-Info.plist";
				INFOPLIST_KEY_CFBundleDisplayName = "타고또타고";
				INFOPLIST_KEY_UIApplicationSceneManifest_Generation = YES;
				INFOPLIST_KEY_UIApplicationSupportsIndirectInputEvents = YES;
				INFOPLIST_KEY_UILaunchScreen_Generation = YES;
				INFOPLIST_KEY_UISupportedInterfaceOrientations_iPad = "UIInterfaceOrientationPortrait UIInterfaceOrientationPortraitUpsideDown UIInterfaceOrientationLandscapeLeft UIInterfaceOrientationLandscapeRight";
				INFOPLIST_KEY_UISupportedInterfaceOrientations_iPhone = "UIInterfaceOrientationPortrait UIInterfaceOrientationLandscapeLeft UIInterfaceOrientationLandscapeRight";
				LD_RUNPATH_SEARCH_PATHS = (
					"$(inherited)",
					"@executable_path/Frameworks",
				);
				MARKETING_VERSION = 1.0;
				PRODUCT_BUNDLE_IDENTIFIER = "PageControl.Subway-APP";
				PRODUCT_NAME = "$(TARGET_NAME)";
				SWIFT_EMIT_LOC_STRINGS = YES;
				SWIFT_VERSION = 5.0;
				TARGETED_DEVICE_FAMILY = "1,2";
			};
			name = Debug;
		};
		2A0510D02DDC280000D27CA8 /* Release */ = {
			isa = XCBuildConfiguration;
			buildSettings = {
				ASSETCATALOG_COMPILER_APPICON_NAME = AppIcon;
				ASSETCATALOG_COMPILER_GLOBAL_ACCENT_COLOR_NAME = AccentColor;
				CODE_SIGN_STYLE = Automatic;
				CURRENT_PROJECT_VERSION = 1;
				DEVELOPMENT_ASSET_PATHS = "\"Subway APP/Preview Content\"";
				ENABLE_PREVIEWS = YES;
				GENERATE_INFOPLIST_FILE = YES;
				INFOPLIST_FILE = "Subway-APP-Info.plist";
				INFOPLIST_KEY_CFBundleDisplayName = "타고또타고";
				INFOPLIST_KEY_UIApplicationSceneManifest_Generation = YES;
				INFOPLIST_KEY_UIApplicationSupportsIndirectInputEvents = YES;
				INFOPLIST_KEY_UILaunchScreen_Generation = YES;
				INFOPLIST_KEY_UISupportedInterfaceOrientations_iPad = "UIInterfaceOrientationPortrait UIInterfaceOrientationPortraitUpsideDown UIInterfaceOrientationLandscapeLeft UIInterfaceOrientationLandscapeRight";
				INFOPLIST_KEY_UISupportedInterfaceOrientations_iPhone = "UIInterfaceOrientationPortrait UIInterfaceOrientationLandscapeLeft UIInterfaceOrientationLandscapeRight";
				LD_RUNPATH_SEARCH_PATHS = (
					"$(inherited)",
					"@executable_path/Frameworks",
				);
				MARKETING_VERSION = 1.0;
				PRODUCT_BUNDLE_IDENTIFIER = "PageControl.Subway-APP";
				PRODUCT_NAME = "$(TARGET_NAME)";
				SWIFT_EMIT_LOC_STRINGS = YES;
				SWIFT_VERSION = 5.0;
				TARGETED_DEVICE_FAMILY = "1,2";
			};
			name = Release;
		};
/* End XCBuildConfiguration section */

/* Begin XCConfigurationList section */
		2A0510BB2DDC27FE00D27CA8 /* Build configuration list for PBXProject "Subway APP" */ = {
			isa = XCConfigurationList;
			buildConfigurations = (
				2A0510CC2DDC280000D27CA8 /* Debug */,
				2A0510CD2DDC280000D27CA8 /* Release */,
			);
			defaultConfigurationIsVisible = 0;
			defaultConfigurationName = Release;
		};
		2A0510CE2DDC280000D27CA8 /* Build configuration list for PBXNativeTarget "Subway APP" */ = {
			isa = XCConfigurationList;
			buildConfigurations = (
				2A0510CF2DDC280000D27CA8 /* Debug */,
				2A0510D02DDC280000D27CA8 /* Release */,
			);
			defaultConfigurationIsVisible = 0;
			defaultConfigurationName = Release;
		};
/* End XCConfigurationList section */

/* Begin XCRemoteSwiftPackageReference section */
		2A24BA5F2DE5682E0093F992 /* XCRemoteSwiftPackageReference "firebase-ios-sdk" */ = {
			isa = XCRemoteSwiftPackageReference;
			repositoryURL = "https://github.com/firebase/firebase-ios-sdk";
			requirement = {
				kind = upToNextMajorVersion;
				minimumVersion = 9.0.0;
			};
		};
/* End XCRemoteSwiftPackageReference section */

/* Begin XCSwiftPackageProductDependency section */
		2A24BA602DE5682E0093F992 /* FirebaseFirestore */ = {
			isa = XCSwiftPackageProductDependency;
			package = 2A24BA5F2DE5682E0093F992 /* XCRemoteSwiftPackageReference "firebase-ios-sdk" */;
			productName = FirebaseFirestore;
		};
		2A24BA622DE5682E0093F992 /* FirebaseFirestoreSwift */ = {
			isa = XCSwiftPackageProductDependency;
			package = 2A24BA5F2DE5682E0093F992 /* XCRemoteSwiftPackageReference "firebase-ios-sdk" */;
			productName = FirebaseFirestoreSwift;
		};
/* End XCSwiftPackageProductDependency section */
	};
	rootObject = 2A0510B82DDC27FE00D27CA8 /* Project object */;
}
